<?xml version="1.0" encoding="utf-8"?>
<Project ToolsVersion="4.0" xmlns="http://schemas.microsoft.com/developer/msbuild/2003">
  <ItemGroup>
    <Filter Include="ソース ファイル">
      <UniqueIdentifier>{4FC737F1-C7A5-4376-A066-2A32D752A2FF}</UniqueIdentifier>
      <Extensions>cpp;c;cc;cxx;def;odl;idl;hpj;bat;asm;asmx</Extensions>
    </Filter>
    <Filter Include="ヘッダー ファイル">
      <UniqueIdentifier>{93995380-89BD-4b04-88EB-625FBE52EBFB}</UniqueIdentifier>
      <Extensions>h;hpp;hxx;hm;inl;inc;xsd</Extensions>
    </Filter>
    <Filter Include="リソース ファイル">
      <UniqueIdentifier>{67DA6AB6-F800-4c08-8B7A-83BB121AAD01}</UniqueIdentifier>
      <Extensions>rc;ico;cur;bmp;dlg;rc2;rct;bin;rgs;gif;jpg;jpeg;jpe;resx;tiff;tif;png;wav;mfcribbon-ms</Extensions>
    </Filter>
  </ItemGroup>
  <ItemGroup>
    <ClCompile Include="CMPMVS_DATA.cpp">
      <Filter>ソース ファイル</Filter>
    </ClCompile>
    <ClCompile Include="projection.cpp">
      <Filter>ソース ファイル</Filter>
    </ClCompile>
    <ClCompile Include="main.cpp">
      <Filter>ソース ファイル</Filter>
    </ClCompile>
    <ClCompile Include="bundler_parser.cpp">
      <Filter>ソース ファイル</Filter>
    </ClCompile>
    <ClCompile Include="cameras.cpp">
      <Filter>ソース ファイル</Filter>
    </ClCompile>
  </ItemGroup>
  <ItemGroup>
    <ClInclude Include="ExImage.h">
      <Filter>ヘッダー ファイル</Filter>
    </ClInclude>
    <ClInclude Include="base_class.h">
      <Filter>ヘッダー ファイル</Filter>
    </ClInclude>
    <ClInclude Include="CMPMVS_DATA.h">
      <Filter>ヘッダー ファイル</Filter>
    </ClInclude>
    <ClInclude Include="projection.h">
      <Filter>ヘッダー ファイル</Filter>
    </ClInclude>
    <ClInclude Include="bundler_parser.h">
      <Filter>ヘッダー ファイル</Filter>
    </ClInclude>
    <ClInclude Include="cameras.h">
      <Filter>ヘッダー ファイル</Filter>
    </ClInclude>
  </ItemGroup>
  <ItemGroup>
    <Library Include="C:\opencv\build\x86\vc10\lib\d\opencv_highgui243d.lib">
      <Filter>リソース ファイル</Filter>
    </Library>
    <Library Include="C:\opencv\build\x86\vc10\lib\d\opencv_imgproc243d.lib">
      <Filter>リソース ファイル</Filter>
    </Library>
    <Library Include="C:\opencv\build\x86\vc10\lib\d\opencv_legacy243d.lib">
      <Filter>リソース ファイル</Filter>
    </Library>
    <Library Include="C:\opencv\build\x86\vc10\lib\d\opencv_ml243d.lib">
      <Filter>リソース ファイル</Filter>
    </Library>
    <Library Include="C:\opencv\build\x86\vc10\lib\d\opencv_nonfree243d.lib">
      <Filter>リソース ファイル</Filter>
    </Library>
    <Library Include="C:\opencv\build\x86\vc10\lib\d\opencv_objdetect243d.lib">
      <Filter>リソース ファイル</Filter>
    </Library>
    <Library Include="C:\opencv\build\x86\vc10\lib\d\opencv_photo243d.lib">
      <Filter>リソース ファイル</Filter>
    </Library>
    <Library Include="C:\opencv\build\x86\vc10\lib\d\opencv_stitching243d.lib">
      <Filter>リソース ファイル</Filter>
    </Library>
    <Library Include="C:\opencv\build\x86\vc10\lib\d\opencv_ts243d.lib">
      <Filter>リソース ファイル</Filter>
    </Library>
    <Library Include="C:\opencv\build\x86\vc10\lib\d\opencv_video243d.lib">
      <Filter>リソース ファイル</Filter>
    </Library>
    <Library Include="C:\opencv\build\x86\vc10\lib\d\opencv_videostab243d.lib">
      <Filter>リソース ファイル</Filter>
    </Library>
    <Library Include="C:\opencv\build\x86\vc10\lib\d\opencv_calib3d243d.lib">
      <Filter>リソース ファイル</Filter>
    </Library>
    <Library Include="C:\opencv\build\x86\vc10\lib\d\opencv_contrib243d.lib">
      <Filter>リソース ファイル</Filter>
    </Library>
    <Library Include="C:\opencv\build\x86\vc10\lib\d\opencv_core243d.lib">
      <Filter>リソース ファイル</Filter>
    </Library>
    <Library Include="C:\opencv\build\x86\vc10\lib\d\opencv_features2d243d.lib">
      <Filter>リソース ファイル</Filter>
    </Library>
    <Library Include="C:\opencv\build\x86\vc10\lib\d\opencv_flann243d.lib">
      <Filter>リソース ファイル</Filter>
    </Library>
    <Library Include="C:\opencv\build\x86\vc10\lib\d\opencv_gpu243d.lib">
      <Filter>リソース ファイル</Filter>
    </Library>
    <Library Include="C:\opencv\build\x86\vc10\lib\d\opencv_haartraining_engined.lib">
      <Filter>リソース ファイル</Filter>
    </Library>
  </ItemGroup>
</Project>